
Microsoft Visual Studio Solution File, Format Version 12.00
# Visual Studio Version 17
VisualStudioVersion = 17.3.32825.248
MinimumVisualStudioVersion = 10.0.40219.1
Project("{6EC3EE1D-3C4E-46DD-8F32-0CC8E7565705}") = "Testexp", "Testexp\Testexp.fsproj", "{59B8F952-A914-4AA6-9575-410A89E039F0}"
EndProject
Project("{2150E333-8FDC-42A3-9474-1A3956D46DE8}") = "Solution Items", "Solution Items", "{0334F0D8-6F63-4A6E-89BC-6EB90C99375E}"
	ProjectSection(SolutionItems) = preProject
		README.md = README.md
	EndProjectSection
EndProject
Project("{F2A71F9B-5D33-465A-A702-920D77279786}") = "Testexp.Test", "TestExp.Test\Testexp.Test.fsproj", "{1D2FE813-D572-48FD-A85F-3B8F0E6B69AA}"
EndProject
Global
	GlobalSection(SolutionConfigurationPlatforms) = preSolution
		Debug|Any CPU = Debug|Any CPU
		Release|Any CPU = Release|Any CPU
	EndGlobalSection
	GlobalSection(ProjectConfigurationPlatforms) = postSolution
		{59B8F952-A914-4AA6-9575-410A89E039F0}.Debug|Any CPU.ActiveCfg = Debug|Any CPU
		{59B8F952-A914-4AA6-9575-410A89E039F0}.Debug|Any CPU.Build.0 = Debug|Any CPU
		{59B8F952-A914-4AA6-9575-410A89E039F0}.Release|Any CPU.ActiveCfg = Release|Any CPU
		{59B8F952-A914-4AA6-9575-410A89E039F0}.Release|Any CPU.Build.0 = Release|Any CPU
		{1D2FE813-D572-48FD-A85F-3B8F0E6B69AA}.Debug|Any CPU.ActiveCfg = Debug|Any CPU
		{1D2FE813-D572-48FD-A85F-3B8F0E6B69AA}.Debug|Any CPU.Build.0 = Debug|Any CPU
		{1D2FE813-D572-48FD-A85F-3B8F0E6B69AA}.Release|Any CPU.ActiveCfg = Release|Any CPU
		{1D2FE813-D572-48FD-A85F-3B8F0E6B69AA}.Release|Any CPU.Build.0 = Release|Any CPU
	EndGlobalSection
	GlobalSection(SolutionProperties) = preSolution
		HideSolutionNode = FALSE
	EndGlobalSection
	GlobalSection(ExtensibilityGlobals) = postSolution
		SolutionGuid = {7C7F8935-02B7-4548-B372-8BB8BFEDDF88}
	EndGlobalSection
EndGlobal
